
Microsoft Visual Studio Solution File, Format Version 12.00
# Visual Studio Version 17
VisualStudioVersion = 17.0.32112.339
MinimumVisualStudioVersion = 10.0.40219.1
Project("{FAE04EC0-301F-11D3-BF4B-00C04F79EFBC}") = "CapaDAL", "CapaDAL\CapaDAL.csproj", "{9F8B7BE2-FB56-4BE3-B13E-B05A363B2AA1}"
EndProject
Project("{FAE04EC0-301F-11D3-BF4B-00C04F79EFBC}") = "CapaLogica", "CapaLogica\CapaLogica.csproj", "{AC6F8FE5-7187-4FAB-909A-6BC0A961D86F}"
EndProject
Project("{FAE04EC0-301F-11D3-BF4B-00C04F79EFBC}") = "CapaPresentacionWeb", "CapaPresentacionWeb\CapaPresentacionWeb.csproj", "{C2791370-3316-4BBC-B22C-85FB9CD2C338}"
EndProject
Global
	GlobalSection(SolutionConfigurationPlatforms) = preSolution
		Debug|Any CPU = Debug|Any CPU
		Release|Any CPU = Release|Any CPU
	EndGlobalSection
	GlobalSection(ProjectConfigurationPlatforms) = postSolution
		{9F8B7BE2-FB56-4BE3-B13E-B05A363B2AA1}.Debug|Any CPU.ActiveCfg = Debug|Any CPU
		{9F8B7BE2-FB56-4BE3-B13E-B05A363B2AA1}.Debug|Any CPU.Build.0 = Debug|Any CPU
		{9F8B7BE2-FB56-4BE3-B13E-B05A363B2AA1}.Release|Any CPU.ActiveCfg = Release|Any CPU
		{9F8B7BE2-FB56-4BE3-B13E-B05A363B2AA1}.Release|Any CPU.Build.0 = Release|Any CPU
		{AC6F8FE5-7187-4FAB-909A-6BC0A961D86F}.Debug|Any CPU.ActiveCfg = Debug|Any CPU
		{AC6F8FE5-7187-4FAB-909A-6BC0A961D86F}.Debug|Any CPU.Build.0 = Debug|Any CPU
		{AC6F8FE5-7187-4FAB-909A-6BC0A961D86F}.Release|Any CPU.ActiveCfg = Release|Any CPU
		{AC6F8FE5-7187-4FAB-909A-6BC0A961D86F}.Release|Any CPU.Build.0 = Release|Any CPU
		{C2791370-3316-4BBC-B22C-85FB9CD2C338}.Debug|Any CPU.ActiveCfg = Debug|Any CPU
		{C2791370-3316-4BBC-B22C-85FB9CD2C338}.Debug|Any CPU.Build.0 = Debug|Any CPU
		{C2791370-3316-4BBC-B22C-85FB9CD2C338}.Release|Any CPU.ActiveCfg = Release|Any CPU
		{C2791370-3316-4BBC-B22C-85FB9CD2C338}.Release|Any CPU.Build.0 = Release|Any CPU
	EndGlobalSection
	GlobalSection(SolutionProperties) = preSolution
		HideSolutionNode = FALSE
	EndGlobalSection
	GlobalSection(ExtensibilityGlobals) = postSolution
		SolutionGuid = {A882D58C-BFE5-4905-A994-7E298525B700}
	EndGlobalSection
EndGlobal
